
Microsoft Visual Studio Solution File, Format Version 12.00
# Visual Studio Version 17
VisualStudioVersion = 17.0.31903.59
MinimumVisualStudioVersion = 10.0.40219.1
Project("{2150E333-8FDC-42A3-9474-1A3956D46DE8}") = "src", "src", "{FEB167AC-D94E-4EA8-A877-706FCDF128E1}"
EndProject
Project("{FAE04EC0-301F-11D3-BF4B-00C04F79EFBC}") = "ToDoList.WebApi", "src\ToDoList.WebApi\ToDoList.WebApi.csproj", "{EB5E3B9D-DE9B-469B-9363-77C0DFF52959}"
EndProject
Project("{FAE04EC0-301F-11D3-BF4B-00C04F79EFBC}") = "ToDoList.Domain", "src\ToDoList.Domain\ToDoList.Domain.csproj", "{50D32BF7-3274-440C-9437-39F02FF6A063}"
EndProject
Global
	GlobalSection(SolutionConfigurationPlatforms) = preSolution
		Debug|Any CPU = Debug|Any CPU
		Release|Any CPU = Release|Any CPU
	EndGlobalSection
	GlobalSection(SolutionProperties) = preSolution
		HideSolutionNode = FALSE
	EndGlobalSection
	GlobalSection(ProjectConfigurationPlatforms) = postSolution
		{EB5E3B9D-DE9B-469B-9363-77C0DFF52959}.Debug|Any CPU.ActiveCfg = Debug|Any CPU
		{EB5E3B9D-DE9B-469B-9363-77C0DFF52959}.Debug|Any CPU.Build.0 = Debug|Any CPU
		{EB5E3B9D-DE9B-469B-9363-77C0DFF52959}.Release|Any CPU.ActiveCfg = Release|Any CPU
		{EB5E3B9D-DE9B-469B-9363-77C0DFF52959}.Release|Any CPU.Build.0 = Release|Any CPU
		{50D32BF7-3274-440C-9437-39F02FF6A063}.Debug|Any CPU.ActiveCfg = Debug|Any CPU
		{50D32BF7-3274-440C-9437-39F02FF6A063}.Debug|Any CPU.Build.0 = Debug|Any CPU
		{50D32BF7-3274-440C-9437-39F02FF6A063}.Release|Any CPU.ActiveCfg = Release|Any CPU
		{50D32BF7-3274-440C-9437-39F02FF6A063}.Release|Any CPU.Build.0 = Release|Any CPU
	EndGlobalSection
	GlobalSection(NestedProjects) = preSolution
		{EB5E3B9D-DE9B-469B-9363-77C0DFF52959} = {FEB167AC-D94E-4EA8-A877-706FCDF128E1}
		{50D32BF7-3274-440C-9437-39F02FF6A063} = {FEB167AC-D94E-4EA8-A877-706FCDF128E1}
	EndGlobalSection
EndGlobal
